
Microsoft Visual Studio Solution File, Format Version 12.00
# Visual Studio Version 17
VisualStudioVersion = 17.7.34202.233
MinimumVisualStudioVersion = 10.0.40219.1
Project("{FAE04EC0-301F-11D3-BF4B-00C04F79EFBC}") = "ClassCS440", "ClassCS440\ClassCS440.csproj", "{A877D84A-20BD-47BC-BD29-B81868B02513}"
EndProject
Global
	GlobalSection(SolutionConfigurationPlatforms) = preSolution
		Debug|Any CPU = Debug|Any CPU
		Release|Any CPU = Release|Any CPU
	EndGlobalSection
	GlobalSection(ProjectConfigurationPlatforms) = postSolution
		{A877D84A-20BD-47BC-BD29-B81868B02513}.Debug|Any CPU.ActiveCfg = Debug|Any CPU
		{A877D84A-20BD-47BC-BD29-B81868B02513}.Debug|Any CPU.Build.0 = Debug|Any CPU
		{A877D84A-20BD-47BC-BD29-B81868B02513}.Release|Any CPU.ActiveCfg = Release|Any CPU
		{A877D84A-20BD-47BC-BD29-B81868B02513}.Release|Any CPU.Build.0 = Release|Any CPU
	EndGlobalSection
	GlobalSection(SolutionProperties) = preSolution
		HideSolutionNode = FALSE
	EndGlobalSection
	GlobalSection(ExtensibilityGlobals) = postSolution
		SolutionGuid = {09216D18-3063-443F-8E42-1B3D7DA24D8A}
	EndGlobalSection
EndGlobal
